// !$*UTF8*$!
{
	archiveVersion = 1;
	classes = {
	};
	objectVersion = 56;
	objects = {

/* Begin PBXBuildFile section */
		100000000000000000000001 /* WinDownloadApp.swift in Sources */ = {isa = PBXBuildFile; fileRef = 200000000000000000000001 /* WinDownloadApp.swift */; };
		100000000000000000000002 /* ContentView.swift in Sources */ = {isa = PBXBuildFile; fileRef = 200000000000000000000002 /* ContentView.swift */; };
		100000000000000000000005 /* WindowsProduct.swift in Sources */ = {isa = PBXBuildFile; fileRef = 200000000000000000000005 /* WindowsProduct.swift */; };
		100000000000000000000006 /* WindowsLanguage.swift in Sources */ = {isa = PBXBuildFile; fileRef = 200000000000000000000006 /* WindowsLanguage.swift */; };
		100000000000000000000007 /* WindowsArchitecture.swift in Sources */ = {isa = PBXBuildFile; fileRef = 200000000000000000000007 /* WindowsArchitecture.swift */; };
		100000000000000000000008 /* DownloadTaskState.swift in Sources */ = {isa = PBXBuildFile; fileRef = 200000000000000000000008 /* DownloadTaskState.swift */; };
		100000000000000000000009 /* WindowsCatalog.swift in Sources */ = {isa = PBXBuildFile; fileRef = 200000000000000000000009 /* WindowsCatalog.swift */; };
		100000000000000000000010 /* MicrosoftSessionClient.swift in Sources */ = {isa = PBXBuildFile; fileRef = 200000000000000000000010 /* MicrosoftSessionClient.swift */; };
		100000000000000000000011 /* MSDLAPIClient.swift in Sources */ = {isa = PBXBuildFile; fileRef = 200000000000000000000011 /* MSDLAPIClient.swift */; };
		100000000000000000000012 /* EvaluationScraper.swift in Sources */ = {isa = PBXBuildFile; fileRef = 200000000000000000000012 /* EvaluationScraper.swift */; };
		100000000000000000000013 /* WindowsISOResolver.swift in Sources */ = {isa = PBXBuildFile; fileRef = 200000000000000000000013 /* WindowsISOResolver.swift */; };
		100000000000000000000014 /* FileDownloadDelegate.swift in Sources */ = {isa = PBXBuildFile; fileRef = 200000000000000000000014 /* FileDownloadDelegate.swift */; };
		100000000000000000000015 /* ChecksumCalculator.swift in Sources */ = {isa = PBXBuildFile; fileRef = 200000000000000000000015 /* ChecksumCalculator.swift */; };
		100000000000000000000016 /* WindowsDownloadEngine.swift in Sources */ = {isa = PBXBuildFile; fileRef = 200000000000000000000016 /* WindowsDownloadEngine.swift */; };
		100000000000000000000017 /* DiskSpaceUtility.swift in Sources */ = {isa = PBXBuildFile; fileRef = 200000000000000000000017 /* DiskSpaceUtility.swift */; };
		100000000000000000000018 /* NotificationsManager.swift in Sources */ = {isa = PBXBuildFile; fileRef = 200000000000000000000018 /* NotificationsManager.swift */; };
		100000000000000000000019 /* MacUSBHandoff.swift in Sources */ = {isa = PBXBuildFile; fileRef = 200000000000000000000019 /* MacUSBHandoff.swift */; };
		100000000000000000000020 /* DesignTokens.swift in Sources */ = {isa = PBXBuildFile; fileRef = 200000000000000000000020 /* DesignTokens.swift */; };
		100000000000000000000021 /* LiquidGlassCompatibility.swift in Sources */ = {isa = PBXBuildFile; fileRef = 200000000000000000000021 /* LiquidGlassCompatibility.swift */; };
		100000000000000000000022 /* StatusCard.swift in Sources */ = {isa = PBXBuildFile; fileRef = 200000000000000000000022 /* StatusCard.swift */; };
		100000000000000000000023 /* BottomActionBar.swift in Sources */ = {isa = PBXBuildFile; fileRef = 200000000000000000000023 /* BottomActionBar.swift */; };
		100000000000000000000024 /* WindowsDownloaderCoordinator.swift in Sources */ = {isa = PBXBuildFile; fileRef = 200000000000000000000024 /* WindowsDownloaderCoordinator.swift */; };
		100000000000000000000025 /* WindowsDownloaderSelectionView.swift in Sources */ = {isa = PBXBuildFile; fileRef = 200000000000000000000025 /* WindowsDownloaderSelectionView.swift */; };
		100000000000000000000026 /* WindowsDownloaderProcessView.swift in Sources */ = {isa = PBXBuildFile; fileRef = 200000000000000000000026 /* WindowsDownloaderProcessView.swift */; };
		100000000000000000000027 /* WindowsDownloaderSummaryView.swift in Sources */ = {isa = PBXBuildFile; fileRef = 200000000000000000000027 /* WindowsDownloaderSummaryView.swift */; };
		100000000000000000000028 /* WindowsDownloaderOptionsSheet.swift in Sources */ = {isa = PBXBuildFile; fileRef = 200000000000000000000028 /* WindowsDownloaderOptionsSheet.swift */; };
/* End PBXBuildFile section */

/* Begin PBXFileReference section */
		200000000000000000000000 /* WinDownload.app */ = {isa = PBXFileReference; explicitFileType = wrapper.application; includeInIndex = 0; path = WinDownload.app; sourceTree = BUILT_PRODUCTS_DIR; };
		200000000000000000000001 /* WinDownloadApp.swift */ = {isa = PBXFileReference; lastKnownFileType = sourcecode.swift; path = WinDownloadApp.swift; sourceTree = "<group>"; };
		200000000000000000000002 /* ContentView.swift */ = {isa = PBXFileReference; lastKnownFileType = sourcecode.swift; path = ContentView.swift; sourceTree = "<group>"; };
		200000000000000000000003 /* Info.plist */ = {isa = PBXFileReference; lastKnownFileType = text.plist.xml; path = Info.plist; sourceTree = "<group>"; };
		200000000000000000000004 /* WinDownload.entitlements */ = {isa = PBXFileReference; lastKnownFileType = text.plist.entitlements; path = WinDownload.entitlements; sourceTree = "<group>"; };
		200000000000000000000005 /* WindowsProduct.swift */ = {isa = PBXFileReference; lastKnownFileType = sourcecode.swift; path = WindowsProduct.swift; sourceTree = "<group>"; };
		200000000000000000000006 /* WindowsLanguage.swift */ = {isa = PBXFileReference; lastKnownFileType = sourcecode.swift; path = WindowsLanguage.swift; sourceTree = "<group>"; };
		200000000000000000000007 /* WindowsArchitecture.swift */ = {isa = PBXFileReference; lastKnownFileType = sourcecode.swift; path = WindowsArchitecture.swift; sourceTree = "<group>"; };
		200000000000000000000008 /* DownloadTaskState.swift */ = {isa = PBXFileReference; lastKnownFileType = sourcecode.swift; path = DownloadTaskState.swift; sourceTree = "<group>"; };
		200000000000000000000009 /* WindowsCatalog.swift */ = {isa = PBXFileReference; lastKnownFileType = sourcecode.swift; path = WindowsCatalog.swift; sourceTree = "<group>"; };
		200000000000000000000010 /* MicrosoftSessionClient.swift */ = {isa = PBXFileReference; lastKnownFileType = sourcecode.swift; path = MicrosoftSessionClient.swift; sourceTree = "<group>"; };
		200000000000000000000011 /* MSDLAPIClient.swift */ = {isa = PBXFileReference; lastKnownFileType = sourcecode.swift; path = MSDLAPIClient.swift; sourceTree = "<group>"; };
		200000000000000000000012 /* EvaluationScraper.swift */ = {isa = PBXFileReference; lastKnownFileType = sourcecode.swift; path = EvaluationScraper.swift; sourceTree = "<group>"; };
		200000000000000000000013 /* WindowsISOResolver.swift */ = {isa = PBXFileReference; lastKnownFileType = sourcecode.swift; path = WindowsISOResolver.swift; sourceTree = "<group>"; };
		200000000000000000000014 /* FileDownloadDelegate.swift */ = {isa = PBXFileReference; lastKnownFileType = sourcecode.swift; path = FileDownloadDelegate.swift; sourceTree = "<group>"; };
		200000000000000000000015 /* ChecksumCalculator.swift */ = {isa = PBXFileReference; lastKnownFileType = sourcecode.swift; path = ChecksumCalculator.swift; sourceTree = "<group>"; };
		200000000000000000000016 /* WindowsDownloadEngine.swift */ = {isa = PBXFileReference; lastKnownFileType = sourcecode.swift; path = WindowsDownloadEngine.swift; sourceTree = "<group>"; };
		200000000000000000000017 /* DiskSpaceUtility.swift */ = {isa = PBXFileReference; lastKnownFileType = sourcecode.swift; path = DiskSpaceUtility.swift; sourceTree = "<group>"; };
		200000000000000000000018 /* NotificationsManager.swift */ = {isa = PBXFileReference; lastKnownFileType = sourcecode.swift; path = NotificationsManager.swift; sourceTree = "<group>"; };
		200000000000000000000019 /* MacUSBHandoff.swift */ = {isa = PBXFileReference; lastKnownFileType = sourcecode.swift; path = MacUSBHandoff.swift; sourceTree = "<group>"; };
		200000000000000000000020 /* DesignTokens.swift */ = {isa = PBXFileReference; lastKnownFileType = sourcecode.swift; path = DesignTokens.swift; sourceTree = "<group>"; };
		200000000000000000000021 /* LiquidGlassCompatibility.swift */ = {isa = PBXFileReference; lastKnownFileType = sourcecode.swift; path = LiquidGlassCompatibility.swift; sourceTree = "<group>"; };
		200000000000000000000022 /* StatusCard.swift */ = {isa = PBXFileReference; lastKnownFileType = sourcecode.swift; path = StatusCard.swift; sourceTree = "<group>"; };
		200000000000000000000023 /* BottomActionBar.swift */ = {isa = PBXFileReference; lastKnownFileType = sourcecode.swift; path = BottomActionBar.swift; sourceTree = "<group>"; };
		200000000000000000000024 /* WindowsDownloaderCoordinator.swift */ = {isa = PBXFileReference; lastKnownFileType = sourcecode.swift; path = WindowsDownloaderCoordinator.swift; sourceTree = "<group>"; };
		200000000000000000000025 /* WindowsDownloaderSelectionView.swift */ = {isa = PBXFileReference; lastKnownFileType = sourcecode.swift; path = WindowsDownloaderSelectionView.swift; sourceTree = "<group>"; };
		200000000000000000000026 /* WindowsDownloaderProcessView.swift */ = {isa = PBXFileReference; lastKnownFileType = sourcecode.swift; path = WindowsDownloaderProcessView.swift; sourceTree = "<group>"; };
		200000000000000000000027 /* WindowsDownloaderSummaryView.swift */ = {isa = PBXFileReference; lastKnownFileType = sourcecode.swift; path = WindowsDownloaderSummaryView.swift; sourceTree = "<group>"; };
		200000000000000000000028 /* WindowsDownloaderOptionsSheet.swift */ = {isa = PBXFileReference; lastKnownFileType = sourcecode.swift; path = WindowsDownloaderOptionsSheet.swift; sourceTree = "<group>"; };
/* End PBXFileReference section */

/* Begin PBXFrameworksBuildPhase section */
		300000000000000000000001 /* Frameworks */ = {
			isa = PBXFrameworksBuildPhase;
			buildActionMask = 2147483647;
			files = (
			);
			runOnlyForDeploymentPostprocessing = 0;
		};
/* End PBXFrameworksBuildPhase section */

/* Begin PBXGroup section */
		400000000000000000000001 = {
			isa = PBXGroup;
			children = (
				400000000000000000000002 /* WinDownload */,
				400000000000000000000003 /* Products */,
			);
			sourceTree = "<group>";
		};
		400000000000000000000002 /* WinDownload */ = {
			isa = PBXGroup;
			children = (
				400000000000000000000004 /* App */,
				400000000000000000000005 /* Core */,
				400000000000000000000006 /* Shared */,
				400000000000000000000007 /* Features */,
			);
			path = WinDownload;
			sourceTree = "<group>";
		};
		400000000000000000000003 /* Products */ = {
			isa = PBXGroup;
			children = (
				200000000000000000000000 /* WinDownload.app */,
			);
			name = Products;
			sourceTree = "<group>";
		};
		400000000000000000000004 /* App */ = {
			isa = PBXGroup;
			children = (
				200000000000000000000001 /* WinDownloadApp.swift */,
				200000000000000000000002 /* ContentView.swift */,
				200000000000000000000003 /* Info.plist */,
				200000000000000000000004 /* WinDownload.entitlements */,
			);
			path = App;
			sourceTree = "<group>";
		};
		400000000000000000000005 /* Core */ = {
			isa = PBXGroup;
			children = (
				400000000000000000000008 /* Models */,
				400000000000000000000009 /* Network */,
				400000000000000000000010 /* Download */,
				400000000000000000000011 /* Utils */,
			);
			path = Core;
			sourceTree = "<group>";
		};
		400000000000000000000006 /* Shared */ = {
			isa = PBXGroup;
			children = (
				400000000000000000000012 /* UI */,
			);
			path = Shared;
			sourceTree = "<group>";
		};
		400000000000000000000007 /* Features */ = {
			isa = PBXGroup;
			children = (
				400000000000000000000013 /* Downloader */,
			);
			path = Features;
			sourceTree = "<group>";
		};
		400000000000000000000008 /* Models */ = {
			isa = PBXGroup;
			children = (
				200000000000000000000005 /* WindowsProduct.swift */,
				200000000000000000000006 /* WindowsLanguage.swift */,
				200000000000000000000007 /* WindowsArchitecture.swift */,
				200000000000000000000008 /* DownloadTaskState.swift */,
				200000000000000000000009 /* WindowsCatalog.swift */,
			);
			path = Models;
			sourceTree = "<group>";
		};
		400000000000000000000009 /* Network */ = {
			isa = PBXGroup;
			children = (
				200000000000000000000010 /* MicrosoftSessionClient.swift */,
				200000000000000000000011 /* MSDLAPIClient.swift */,
				200000000000000000000012 /* EvaluationScraper.swift */,
				200000000000000000000013 /* WindowsISOResolver.swift */,
			);
			path = Network;
			sourceTree = "<group>";
		};
		400000000000000000000010 /* Download */ = {
			isa = PBXGroup;
			children = (
				200000000000000000000014 /* FileDownloadDelegate.swift */,
				200000000000000000000015 /* ChecksumCalculator.swift */,
				200000000000000000000016 /* WindowsDownloadEngine.swift */,
			);
			path = Download;
			sourceTree = "<group>";
		};
		400000000000000000000011 /* Utils */ = {
			isa = PBXGroup;
			children = (
				200000000000000000000017 /* DiskSpaceUtility.swift */,
				200000000000000000000018 /* NotificationsManager.swift */,
				200000000000000000000019 /* MacUSBHandoff.swift */,
			);
			path = Utils;
			sourceTree = "<group>";
		};
		400000000000000000000012 /* UI */ = {
			isa = PBXGroup;
			children = (
				200000000000000000000020 /* DesignTokens.swift */,
				200000000000000000000021 /* LiquidGlassCompatibility.swift */,
				200000000000000000000022 /* StatusCard.swift */,
				200000000000000000000023 /* BottomActionBar.swift */,
			);
			path = UI;
			sourceTree = "<group>";
		};
		400000000000000000000013 /* Downloader */ = {
			isa = PBXGroup;
			children = (
				400000000000000000000014 /* Coordinator */,
				400000000000000000000015 /* UI */,
			);
			path = Downloader;
			sourceTree = "<group>";
		};
		400000000000000000000014 /* Coordinator */ = {
			isa = PBXGroup;
			children = (
				200000000000000000000024 /* WindowsDownloaderCoordinator.swift */,
			);
			path = Coordinator;
			sourceTree = "<group>";
		};
		400000000000000000000015 /* UI */ = {
			isa = PBXGroup;
			children = (
				200000000000000000000025 /* WindowsDownloaderSelectionView.swift */,
				200000000000000000000026 /* WindowsDownloaderProcessView.swift */,
				200000000000000000000027 /* WindowsDownloaderSummaryView.swift */,
				200000000000000000000028 /* WindowsDownloaderOptionsSheet.swift */,
			);
			path = UI;
			sourceTree = "<group>";
		};
/* End PBXGroup section */

/* Begin PBXNativeTarget section */
		500000000000000000000001 /* WinDownload */ = {
			isa = PBXNativeTarget;
			buildConfigurationList = A00000000000000000000001 /* Build configuration list for PBXNativeTarget "WinDownload" */;
			buildPhases = (
				800000000000000000000001 /* Sources */,
				300000000000000000000001 /* Frameworks */,
				700000000000000000000001 /* Resources */,
			);
			buildRules = (
			);
			dependencies = (
			);
			name = WinDownload;
			productName = WinDownload;
			productReference = 200000000000000000000000 /* WinDownload.app */;
			productType = "com.apple.product-type.application";
		};
/* End PBXNativeTarget section */

/* Begin PBXProject section */
		600000000000000000000001 /* Project object */ = {
			isa = PBXProject;
			attributes = {
				BuildIndependentTargetsInParallel = 1;
				LastSwiftUpdateCheck = 1500;
				LastUpgradeCheck = 1500;
				TargetAttributes = {
					500000000000000000000001 = {
						CreatedOnToolsVersion = 15.0;
					};
				};
			};
			buildConfigurationList = A00000000000000000000002 /* Build configuration list for PBXProject "WinDownload" */;
			compatibilityVersion = "Xcode 14.0";
			developmentRegion = en;
			hasScannedForEncodings = 0;
			knownRegions = (
				en,
				Base,
			);
			mainGroup = 400000000000000000000001;
			productRefGroup = 400000000000000000000003 /* Products */;
			projectDirPath = "";
			projectRoot = "";
			targets = (
				500000000000000000000001 /* WinDownload */,
			);
		};
/* End PBXProject section */

/* Begin PBXResourcesBuildPhase section */
		700000000000000000000001 /* Resources */ = {
			isa = PBXResourcesBuildPhase;
			buildActionMask = 2147483647;
			files = (
			);
			runOnlyForDeploymentPostprocessing = 0;
		};
/* End PBXResourcesBuildPhase section */

/* Begin PBXSourcesBuildPhase section */
		800000000000000000000001 /* Sources */ = {
			isa = PBXSourcesBuildPhase;
			buildActionMask = 2147483647;
			files = (
				100000000000000000000001 /* WinDownloadApp.swift in Sources */,
				100000000000000000000002 /* ContentView.swift in Sources */,
				100000000000000000000005 /* WindowsProduct.swift in Sources */,
				100000000000000000000006 /* WindowsLanguage.swift in Sources */,
				100000000000000000000007 /* WindowsArchitecture.swift in Sources */,
				100000000000000000000008 /* DownloadTaskState.swift in Sources */,
				100000000000000000000009 /* WindowsCatalog.swift in Sources */,
				100000000000000000000010 /* MicrosoftSessionClient.swift in Sources */,
				100000000000000000000011 /* MSDLAPIClient.swift in Sources */,
				100000000000000000000012 /* EvaluationScraper.swift in Sources */,
				100000000000000000000013 /* WindowsISOResolver.swift in Sources */,
				100000000000000000000014 /* FileDownloadDelegate.swift in Sources */,
				100000000000000000000015 /* ChecksumCalculator.swift in Sources */,
				100000000000000000000016 /* WindowsDownloadEngine.swift in Sources */,
				100000000000000000000017 /* DiskSpaceUtility.swift in Sources */,
				100000000000000000000018 /* NotificationsManager.swift in Sources */,
				100000000000000000000019 /* MacUSBHandoff.swift in Sources */,
				100000000000000000000020 /* DesignTokens.swift in Sources */,
				100000000000000000000021 /* LiquidGlassCompatibility.swift in Sources */,
				100000000000000000000022 /* StatusCard.swift in Sources */,
				100000000000000000000023 /* BottomActionBar.swift in Sources */,
				100000000000000000000024 /* WindowsDownloaderCoordinator.swift in Sources */,
				100000000000000000000025 /* WindowsDownloaderSelectionView.swift in Sources */,
				100000000000000000000026 /* WindowsDownloaderProcessView.swift in Sources */,
				100000000000000000000027 /* WindowsDownloaderSummaryView.swift in Sources */,
				100000000000000000000028 /* WindowsDownloaderOptionsSheet.swift in Sources */,
			);
			runOnlyForDeploymentPostprocessing = 0;
		};
/* End PBXSourcesBuildPhase section */

/* Begin XCBuildConfiguration section */
		900000000000000000000001 /* Debug */ = {
			isa = XCBuildConfiguration;
			buildSettings = {
				ALWAYS_SEARCH_USER_PATHS = NO;
				CLANG_ANALYZER_NONNULL = YES;
				CLANG_CXX_LANGUAGE_STANDARD = "gnu++20";
				CLANG_ENABLE_MODULES = YES;
				CLANG_ENABLE_OBJC_ARC = YES;
				COPY_PHASE_STRIP = NO;
				DEBUG_INFORMATION_FORMAT = dwarf;
				ENABLE_STRICT_OBJC_MSGSEND = YES;
				ENABLE_TESTABILITY = YES;
				GCC_DYNAMIC_NO_PIC = NO;
				GCC_NO_COMMON_BLOCKS = YES;
				GCC_OPTIMIZATION_LEVEL = 0;
				GCC_PREPROCESSOR_DEFINITIONS = (
					"DEBUG=1",
					"$(inherited)",
				);
				GCC_WARN_64_TO_32_BIT_CONVERSION = YES;
				GCC_WARN_ABOUT_RETURN_TYPE = YES_ERROR;
				GCC_WARN_UNDEFINED_CARRIER = YES;
				GCC_WARN_UNINITIALIZED_AUTOS = YES_AGGRESSIVE;
				MACOSX_DEPLOYMENT_TARGET = 14.0;
				MTL_ENABLE_DEBUG_INFO = INCLUDE_SOURCE;
				ONLY_ACTIVE_ARCH = YES;
				SDKROOT = macosx;
				SWIFT_ACTIVE_COMPILATION_CONDITIONS = DEBUG;
				SWIFT_OPTIMIZATION_LEVEL = "-Onone";
			};
			name = Debug;
		};
		900000000000000000000002 /* Release */ = {
			isa = XCBuildConfiguration;
			buildSettings = {
				ALWAYS_SEARCH_USER_PATHS = NO;
				CLANG_ANALYZER_NONNULL = YES;
				CLANG_CXX_LANGUAGE_STANDARD = "gnu++20";
				CLANG_ENABLE_MODULES = YES;
				CLANG_ENABLE_OBJC_ARC = YES;
				COPY_PHASE_STRIP = NO;
				DEBUG_INFORMATION_FORMAT = "dwarf-with-dsym";
				ENABLE_NS_ASSERTIONS = NO;
				ENABLE_STRICT_OBJC_MSGSEND = YES;
				GCC_NO_COMMON_BLOCKS = YES;
				GCC_WARN_64_TO_32_BIT_CONVERSION = YES;
				GCC_WARN_ABOUT_RETURN_TYPE = YES_ERROR;
				GCC_WARN_UNDEFINED_CARRIER = YES;
				GCC_WARN_UNINITIALIZED_AUTOS = YES_AGGRESSIVE;
				MACOSX_DEPLOYMENT_TARGET = 14.0;
				MTL_ENABLE_DEBUG_INFO = NO;
				SDKROOT = macosx;
				SWIFT_COMPILATION_MODE = wholemodule;
				SWIFT_OPTIMIZATION_LEVEL = "-O";
			};
			name = Release;
		};
		900000000000000000000003 /* Debug */ = {
			isa = XCBuildConfiguration;
			buildSettings = {
				ASSETCATALOG_COMPILER_APPICON_NAME = AppIcon;
				CODE_SIGN_ENTITLEMENTS = WinDownload/App/WinDownload.entitlements;
				CODE_SIGN_STYLE = Automatic;
				COMBINE_HIDPI_IMAGES = YES;
				CURRENT_PROJECT_VERSION = 1;
				ENABLE_PREVIEWS = YES;
				GENERATE_INFOPLIST_FILE = NO;
				INFOPLIST_FILE = WinDownload/App/Info.plist;
				LD_RUNPATH_SEARCH_PATHS = (
					"$(inherited)",
					"@executable_path/../Frameworks",
				);
				MARKETING_VERSION = 1.0.0;
				PRODUCT_BUNDLE_IDENTIFIER = com.milankkk.windownload;
				PRODUCT_NAME = "$(TARGET_NAME)";
				SWIFT_EMIT_LOC_STRINGS = YES;
				SWIFT_VERSION = 5.0;
			};
			name = Debug;
		};
		900000000000000000000004 /* Release */ = {
			isa = XCBuildConfiguration;
			buildSettings = {
				ASSETCATALOG_COMPILER_APPICON_NAME = AppIcon;
				CODE_SIGN_ENTITLEMENTS = WinDownload/App/WinDownload.entitlements;
				CODE_SIGN_STYLE = Automatic;
				COMBINE_HIDPI_IMAGES = YES;
				CURRENT_PROJECT_VERSION = 1;
				ENABLE_PREVIEWS = YES;
				GENERATE_INFOPLIST_FILE = NO;
				INFOPLIST_FILE = WinDownload/App/Info.plist;
				LD_RUNPATH_SEARCH_PATHS = (
					"$(inherited)",
					"@executable_path/../Frameworks",
				);
				MARKETING_VERSION = 1.0.0;
				PRODUCT_BUNDLE_IDENTIFIER = com.milankkk.windownload;
				PRODUCT_NAME = "$(TARGET_NAME)";
				SWIFT_EMIT_LOC_STRINGS = YES;
				SWIFT_VERSION = 5.0;
			};
			name = Release;
		};
/* End XCBuildConfiguration section */

/* Begin XCConfigurationList section */
		A00000000000000000000001 /* Build configuration list for PBXNativeTarget "WinDownload" */ = {
			isa = XCConfigurationList;
			buildConfigurations = (
				900000000000000000000003 /* Debug */,
				900000000000000000000004 /* Release */,
			);
			defaultConfigurationIsVisible = 0;
			defaultConfigurationName = Release;
		};
		A00000000000000000000002 /* Build configuration list for PBXProject "WinDownload" */ = {
			isa = XCConfigurationList;
			buildConfigurations = (
				900000000000000000000001 /* Debug */,
				900000000000000000000002 /* Release */,
			);
			defaultConfigurationIsVisible = 0;
			defaultConfigurationName = Release;
		};
/* End XCConfigurationList section */
	};
	rootObject = 600000000000000000000001 /* Project object */;
}
